github.com/go-msvc/config v0.0.2 h1:yftmejx0JMt7pAgDMZClL5W9B+Tqh/z7/zeTMMaGFIc=
github.com/go-msvc/config v0.0.2/go.mod h1:DsKza/VM+lzy7B0518/C00fpwwX0YktFDNcP1npMjSg=
github.com/go-msvc/data v1.0.1 h1:dLOdPGXva/4857v9UV2D2PzEXctBztYgAjgts9gMNPg=
github.com/go-msvc/data v1.0.1/go.mod h1:+fx5vNSdAEE7sZNjYrKP+BYmHcKs0ieX5F+MO/pu53c=
github.com/go-msvc/errors v1.1.0 h1:jbOdXDJySgXvpq3GyNo8/YWZ7x4HYyz3OxLH7nw/7o8=
github.com/go-msvc/errors v1.1.0/go.mod h1:5C49YNbi5juDL9ntxw/QbapNHLs4M9SpJ5ETp8AN7+M=
github.com/go-msvc/errors v1.2.0 h1:fTZypG1qs7lDtYfGYKDey62lMCT5ClsyxeMysrxNo0g=
github.com/go-msvc/errors v1.2.0/go.mod h1:dbMiCuWpUiARCkC19IDEpcGIx11VYWq1+vGfF0NAenA=
github.com/go-msvc/logger v0.0.0-20210121062433-1f3922644bec h1:Xrt+itPOlP+NsaQseWM00Fk0juNtqJZqCRZX8g6JV+w=
github.com/go-msvc/logger v0.0.0-20210121062433-1f3922644bec/go.mod h1:2wVoA8rQtGPatj+5uHahKFExXJqcRHpq4an2UHuYidc=
github.com/go-msvc/logger v1.0.0 h1:OELJmIpXSRLnbmy4UMc1IWQiQBH5ODZDjeofc540Lzg=
github.com/go-msvc/logger v1.0.0/go.mod h1:qHIjKcyl03uKxD2SrJa6UqSfp0RuOiuOSyb8i1NLhKw=
github.com/nats-io/nats.go v1.23.0 h1:lR28r7IX44WjYgdiKz9GmUeW0uh/m33uD3yEjLZ2cOE=
github.com/nats-io/nats.go v1.23.0/go.mod h1:ki/Scsa23edbh8IRZbCuNXR9TDcbvfaSijKtaqQgw+Q=
github.com/nats-io/nkeys v0.3.0 h1:cgM5tL53EvYRU+2YLXIK0G2mJtK12Ft9oeooSZMA2G8=
github.com/nats-io/nkeys v0.3.0/go.mod h1:gvUNGjVcM2IPr5rCsRsC6Wb3Hr2CQAm08dsxtV6A5y4=
github.com/nats-io/nuid v1.0.1 h1:5iA8DT8V7q8WK2EScv2padNa/rTESc1KdnPw4TC2paw=
github.com/nats-io/nuid v1.0.1/go.mod h1:19wcPz3Ph3q0Jbyiqsd0kePYG7A95tJPxeL+1OSON2c=
github.com/stewelarend/logger v0.0.4 h1:U+FhNJgbEA5YKUlSLhvk7UaPYjnuBQPkMbQvEKV9Fb8=
github.com/stewelarend/logger v0.0.4/go.mod h1:9N9cjtsb9vHO+Noy17MDNMmH4fL1jBpGJ2HIxQyljvo=
golang.org/x/crypto v0.0.0-20210314154223-e6e6c4f2bb5b/go.mod h1:T9bdIzuCu7OtxOm1hfPfRQxPLYneinmdGuTeoZ9dtd4=
golang.org/x/crypto v0.5.0 h1:U/0M97KRkSFvyD/3FSmdP5W5swImpNgle/EHFhOsQPE=
golang.org/x/crypto v0.5.0/go.mod h1:NK/OQwhpMQP3MwtdjgLlYHnH9ebylxKWv3e0fK+mkQU=
golang.org/x/net v0.0.0-20210226172049-e18ecbb05110/go.mod h1:m0MpNAwzfU5UDzcl9v0D8zg8gWTRqZa9RBIspLL5mdg=
golang.org/x/sys v0.0.0-20201119102817-f84b799fce68/go.mod h1:h1NjWce9XRLGQEsW7wpKNCjG9DtNlClVuFLEZdDNbEs=
golang.org/x/term v0.0.0-20201126162022-7de9c90e9dd1/go.mod h1:bj7SfCRtBDWHUb9snDiAeCFNEtKQo2Wmx5Cou7ajbmo=
golang.org/x/text v0.3.3/go.mod h1:5Zoc/QRtKVWzQhOtBMvqHzDpF6irO9z98xDceosuGiQ=
golang.org/x/tools v0.0.0-20180917221912-90fa682c2a6e/go.mod h1:n7NCudcB/nEzxVGmLbDWY5pfWTLqBcC2KZ6jyYvM4mQ=
